
Microsoft Visual Studio Solution File, Format Version 12.00
# Visual Studio Version 17
VisualStudioVersion = 17.4.33205.214
MinimumVisualStudioVersion = 10.0.40219.1
Project("{FAE04EC0-301F-11D3-BF4B-00C04F79EFBC}") = "HelloApp", "HelloApp\HelloApp.csproj", "{EEAE3A66-CF5D-4ABB-A531-15C74474D1EE}"
EndProject
Global
	GlobalSection(SolutionConfigurationPlatforms) = preSolution
		Debug|Any CPU = Debug|Any CPU
		Release|Any CPU = Release|Any CPU
	EndGlobalSection
	GlobalSection(ProjectConfigurationPlatforms) = postSolution
		{EEAE3A66-CF5D-4ABB-A531-15C74474D1EE}.Debug|Any CPU.ActiveCfg = Debug|Any CPU
		{EEAE3A66-CF5D-4ABB-A531-15C74474D1EE}.Debug|Any CPU.Build.0 = Debug|Any CPU
		{EEAE3A66-CF5D-4ABB-A531-15C74474D1EE}.Release|Any CPU.ActiveCfg = Release|Any CPU
		{EEAE3A66-CF5D-4ABB-A531-15C74474D1EE}.Release|Any CPU.Build.0 = Release|Any CPU
	EndGlobalSection
	GlobalSection(SolutionProperties) = preSolution
		HideSolutionNode = FALSE
	EndGlobalSection
	GlobalSection(ExtensibilityGlobals) = postSolution
		SolutionGuid = {E24A139D-D50B-4B6F-96A0-F2603E6ED0E0}
	EndGlobalSection
EndGlobal
